
Microsoft Visual Studio Solution File, Format Version 12.00
# Visual Studio 2013
VisualStudioVersion = 12.0.21005.1
MinimumVisualStudioVersion = 10.0.40219.1
Project("{E24C65DC-7377-472B-9ABA-BC803B73C61A}") = "CodeLab_PW2015", ".", "{3C7F75F4-ED50-4A38-A46B-06FE7EE79CB4}"
	ProjectSection(WebsiteProperties) = preProject
		TargetFrameworkMoniker = ".NETFramework,Version%3Dv4.5.2"
		Debug.AspNetCompiler.VirtualPath = "/localhost_55980"
		Debug.AspNetCompiler.PhysicalPath = "..\CodeLab_PW2015\"
		Debug.AspNetCompiler.TargetPath = "PrecompiledWeb\localhost_55980\"
		Debug.AspNetCompiler.Updateable = "true"
		Debug.AspNetCompiler.ForceOverwrite = "true"
		Debug.AspNetCompiler.FixedNames = "false"
		Debug.AspNetCompiler.Debug = "True"
		Release.AspNetCompiler.VirtualPath = "/localhost_55980"
		Release.AspNetCompiler.PhysicalPath = "..\CodeLab_PW2015\"
		Release.AspNetCompiler.TargetPath = "PrecompiledWeb\localhost_55980\"
		Release.AspNetCompiler.Updateable = "true"
		Release.AspNetCompiler.ForceOverwrite = "true"
		Release.AspNetCompiler.FixedNames = "false"
		Release.AspNetCompiler.Debug = "False"
		VWDPort = "55980"
		SlnRelativePath = "..\CodeLab_PW2015\"
	EndProjectSection
EndProject
Global
	GlobalSection(SolutionConfigurationPlatforms) = preSolution
		Debug|Any CPU = Debug|Any CPU
		Release|Any CPU = Release|Any CPU
	EndGlobalSection
	GlobalSection(ProjectConfigurationPlatforms) = postSolution
		{3C7F75F4-ED50-4A38-A46B-06FE7EE79CB4}.Debug|Any CPU.ActiveCfg = Debug|Any CPU
		{3C7F75F4-ED50-4A38-A46B-06FE7EE79CB4}.Debug|Any CPU.Build.0 = Debug|Any CPU
		{3C7F75F4-ED50-4A38-A46B-06FE7EE79CB4}.Release|Any CPU.ActiveCfg = Debug|Any CPU
		{3C7F75F4-ED50-4A38-A46B-06FE7EE79CB4}.Release|Any CPU.Build.0 = Debug|Any CPU
	EndGlobalSection
	GlobalSection(SolutionProperties) = preSolution
		HideSolutionNode = FALSE
	EndGlobalSection
EndGlobal
